<?xml version="1.0" encoding="utf-8"?>
<Project ToolsVersion="4.0" xmlns="http://schemas.microsoft.com/developer/msbuild/2003">
  <ItemGroup>
    <Filter Include="Source Files">
      <UniqueIdentifier>{4FC737F1-C7A5-4376-A066-2A32D752A2FF}</UniqueIdentifier>
      <Extensions>cpp;c;cc;cxx;c++;cppm;ixx;def;odl;idl;hpj;bat;asm;asmx</Extensions>
    </Filter>
    <Filter Include="Source Files\5.3_Irvinre32Lib">
      <UniqueIdentifier>{e2fa4ca6-d695-43ea-951a-e99a804c6855}</UniqueIdentifier>
    </Filter>
    <Filter Include="Source Files\3_4">
      <UniqueIdentifier>{c665caae-1df4-4dcd-9aec-ee55a77d1718}</UniqueIdentifier>
    </Filter>
    <Filter Include="Source Files\5.4_  %28Stack, Procedure%29">
      <UniqueIdentifier>{810b9d13-dc24-4eb7-a69d-d26fd44f8d37}</UniqueIdentifier>
    </Filter>
    <Filter Include="Source Files\6.1_%28Bool%29">
      <UniqueIdentifier>{03abc4aa-0962-4f1a-b9dd-400f81386272}</UniqueIdentifier>
    </Filter>
    <Filter Include="Source Files\6.2_IF_JMP">
      <UniqueIdentifier>{43cbd776-e203-4eb0-bb36-ab3151ead122}</UniqueIdentifier>
    </Filter>
    <Filter Include="Source Files\6.3_IF_JMP_APPLICATION">
      <UniqueIdentifier>{7267a852-bd80-4528-b82f-e38989fa9b70}</UniqueIdentifier>
    </Filter>
    <Filter Include="Source Files\6.4_IF_JMP_2">
      <UniqueIdentifier>{03b09bbb-c527-4d3c-aaeb-da1f41742126}</UniqueIdentifier>
    </Filter>
    <Filter Include="Source Files\6.7_IF_WHILE_REPEAT">
      <UniqueIdentifier>{73b049ce-61a3-4105-9f3b-5d9245bf1120}</UniqueIdentifier>
    </Filter>
    <Filter Include="Source Files\7.2_">
      <UniqueIdentifier>{0f4a65e7-0704-456c-b3e0-888ec875e743}</UniqueIdentifier>
    </Filter>
  </ItemGroup>
  <ItemGroup>
    <MASM Include="00.first.asm">
      <Filter>Source Files\3_4</Filter>
    </MASM>
    <MASM Include="00.UseLibrary.asm">
      <Filter>Source Files\3_4</Filter>
    </MASM>
    <MASM Include="3.1.0_1.asm">
      <Filter>Source Files\3_4</Filter>
    </MASM>
    <MASM Include="3.2.0_1.asm">
      <Filter>Source Files\3_4</Filter>
    </MASM>
    <MASM Include="3.2.1_1_Except_Irvine32.inc.asm">
      <Filter>Source Files\3_4</Filter>
    </MASM>
    <MASM Include="3.4.10_1_FirstUse_.data.asm">
      <Filter>Source Files\3_4</Filter>
    </MASM>
    <MASM Include="3.4.10_2_DUP   .asm">
      <Filter>Source Files\3_4</Filter>
    </MASM>
    <MASM Include="3.5_1_=_EQU, TEXTEQU   .asm">
      <Filter>Source Files\3_4</Filter>
    </MASM>
    <MASM Include="4.1.4_1_MOVZX, MOVSX   .asm">
      <Filter>Source Files\3_4</Filter>
    </MASM>
    <MASM Include="4.1.6_1_LAHF, SAHF   .asm">
      <Filter>Source Files\3_4</Filter>
    </MASM>
    <MASM Include="4.1.7_1_XCHG   .asm">
      <Filter>Source Files\3_4</Filter>
    </MASM>
    <MASM Include="4.1.8_1_Accessing Array%27s Component   .asm">
      <Filter>Source Files\3_4</Filter>
    </MASM>
    <MASM Include="4.2.1_1_INC, DEC, ADD, SUB, NEG   .asm">
      <Filter>Source Files\3_4</Filter>
    </MASM>
    <MASM Include="4.2.6_1_ZeroFlag, CarryFlag   .asm">
      <Filter>Source Files\3_4</Filter>
    </MASM>
    <MASM Include="4.2.6_2 AuxillaryFlag, ParityFlag   .asm">
      <Filter>Source Files\3_4</Filter>
    </MASM>
    <MASM Include="4.2.6_3_SignFlag, OverFlowFlag   .asm">
      <Filter>Source Files\3_4</Filter>
    </MASM>
    <MASM Include="4.3.1_1_OFFSET   .asm">
      <Filter>Source Files\3_4</Filter>
    </MASM>
    <MASM Include="4.3.2_1_ALIGN   .asm">
      <Filter>Source Files\3_4</Filter>
    </MASM>
    <MASM Include="4.3.3_1_PTR   .asm">
      <Filter>Source Files\3_4</Filter>
    </MASM>
    <MASM Include="4.3.4_1_TYPE, LENGTHOF, SIZEOF   .asm">
      <Filter>Source Files\3_4</Filter>
    </MASM>
    <MASM Include="4.3.7_1_LABEL   .asm">
      <Filter>Source Files\3_4</Filter>
    </MASM>
    <MASM Include="4.4.1_1_Indirect Addressing {  [n] }   .asm">
      <Filter>Source Files\3_4</Filter>
    </MASM>
    <MASM Include="4.4.4_1_TYPEDEF   .asm">
      <Filter>Source Files\3_4</Filter>
    </MASM>
    <MASM Include="4.5.1_JMP, LOOP   .asm">
      <Filter>Source Files\3_4</Filter>
    </MASM>
    <MASM Include="5.3.2_1_1_CreateOutputFile, WriteToFile, CloseFile, WaitMsg, Clrscr_   .asm">
      <Filter>Source Files\5.3_Irvinre32Lib</Filter>
    </MASM>
    <MASM Include="5.3.2_2_DumpMem   .asm">
      <Filter>Source Files\5.3_Irvinre32Lib</Filter>
    </MASM>
    <MASM Include="5.3.2_3 _GetCommandTail  .asm">
      <Filter>Source Files\5.3_Irvinre32Lib</Filter>
    </MASM>
    <MASM Include="5.3.2_4_GetMaxXY.asm">
      <Filter>Source Files\5.3_Irvinre32Lib</Filter>
    </MASM>
    <MASM Include="5.3.2_5_GetMseconds   .asm">
      <Filter>Source Files\5.3_Irvinre32Lib</Filter>
    </MASM>
    <MASM Include="5.3.2_6_GetTextColor   .asm">
      <Filter>Source Files\5.3_Irvinre32Lib</Filter>
    </MASM>
    <MASM Include="5.3.2_7_Gotoxy   .asm">
      <Filter>Source Files\5.3_Irvinre32Lib</Filter>
    </MASM>
    <MASM Include="5.3.2_8_IsDigit   .asm">
      <Filter>Source Files\5.3_Irvinre32Lib</Filter>
    </MASM>
    <MASM Include="5.3.2_9_MsgBox, MsgBoxAsk   .asm">
      <Filter>Source Files\5.3_Irvinre32Lib</Filter>
    </MASM>
    <MASM Include="5.3.2_1_2_OpenInputFile, ReadFromFile, CloseFile   .asm">
      <Filter>Source Files\5.3_Irvinre32Lib</Filter>
    </MASM>
    <MASM Include="5.3.2_10_ParselInteger32.asm">
      <Filter>Source Files\5.3_Irvinre32Lib</Filter>
    </MASM>
    <MASM Include="5.3.2_11_Random32, Randomize, RandomRange   .asm">
      <Filter>Source Files\5.3_Irvinre32Lib</Filter>
    </MASM>
    <MASM Include="5.3.2_12_ReadChar, ReadDec, ReadHex, ReadInt, ReadKey   .asm">
      <Filter>Source Files\5.3_Irvinre32Lib</Filter>
    </MASM>
    <MASM Include="5.3.2_13_ReadString   .asm">
      <Filter>Source Files\5.3_Irvinre32Lib</Filter>
    </MASM>
    <MASM Include="5.3.2_14_SetTextColor   .asm">
      <Filter>Source Files\5.3_Irvinre32Lib</Filter>
    </MASM>
    <MASM Include="5.3.2_15_StrLength   .asm">
      <Filter>Source Files\5.3_Irvinre32Lib</Filter>
    </MASM>
    <MASM Include="5.3.2_16_WriteBin, WriteBinB, WriteChar, WriteDec, WriteHex, WriteHexB, WriteInt, WriteString   .asm">
      <Filter>Source Files\5.3_Irvinre32Lib</Filter>
    </MASM>
    <MASM Include="5.3.2_17_WriteWindowsMsg   .asm">
      <Filter>Source Files\5.3_Irvinre32Lib</Filter>
    </MASM>
    <MASM Include="5.4.2_1_PUSH, POP   .asm">
      <Filter>Source Files\5.4_  %28Stack, Procedure%29</Filter>
    </MASM>
    <MASM Include="5.4.2_2__PUSHFD, PUSHAD   .asm">
      <Filter>Source Files\5.4_  %28Stack, Procedure%29</Filter>
    </MASM>
    <MASM Include="5.4.2_3_ +_DONT_TOUCH_ESP, EBP  .asm">
      <Filter>Source Files\5.4_  %28Stack, Procedure%29</Filter>
    </MASM>
    <MASM Include="5.5.1_PROC, CALL, EIP, RET   .asm">
      <Filter>Source Files\5.4_  %28Stack, Procedure%29</Filter>
    </MASM>
    <MASM Include="5.5.2_Nested Procedure Call   .asm">
      <Filter>Source Files\5.4_  %28Stack, Procedure%29</Filter>
    </MASM>
    <MASM Include="5.5.3_PROC_USES  .asm">
      <Filter>Source Files\5.4_  %28Stack, Procedure%29</Filter>
    </MASM>
    <MASM Include="6.2.2_AND, OR   .asm">
      <Filter>Source Files\6.1_%28Bool%29</Filter>
    </MASM>
    <MASM Include="6.2.4_NOT, XOR   .asm">
      <Filter>Source Files\6.1_%28Bool%29</Filter>
    </MASM>
    <MASM Include="6.2.7_TEST, CMP   .asm">
      <Filter>Source Files\6.1_%28Bool%29</Filter>
    </MASM>
    <MASM Include="6.3.1_JZ, JNZ, JC, JNC   .asm">
      <Filter>Source Files\6.2_IF_JMP</Filter>
    </MASM>
    <MASM Include="6.3.2_CMP+%28JZ, JL, JG%29   .asm">
      <Filter>Source Files\6.2_IF_JMP</Filter>
    </MASM>
    <MASM Include="6.2.9_Setting EFLAGS Manually   .asm">
      <Filter>Source Files\6.2_IF_JMP</Filter>
    </MASM>
    <MASM Include="6.3.3_Other_IF_JMP.asm">
      <Filter>Source Files\6.2_IF_JMP</Filter>
    </MASM>
    <MASM Include="6.3.4_1_FLAG_CHECK   .asm">
      <Filter>Source Files\6.3_IF_JMP_APPLICATION</Filter>
    </MASM>
    <MASM Include="6.3.4_2_MIN_MAX.asm">
      <Filter>Source Files\6.3_IF_JMP_APPLICATION</Filter>
    </MASM>
    <MASM Include="6.3.4_3_Find   .asm">
      <Filter>Source Files\6.3_IF_JMP_APPLICATION</Filter>
    </MASM>
    <MASM Include="6.3.4_4__+ Encrypt, Decrypt   .asm">
      <Filter>Source Files\6.3_IF_JMP_APPLICATION</Filter>
    </MASM>
    <MASM Include="6.4.2_LOOPZ%28LOOPE%29, LOOPNZ%28LOOPNE%29   .asm">
      <Filter>Source Files\6.4_IF_JMP_2</Filter>
    </MASM>
    <MASM Include="6.5.2_1_IF_AND, IF_OR   .asm">
      <Filter>Source Files\6.4_IF_JMP_2</Filter>
    </MASM>
    <MASM Include="6.5.3_1_WHILE   .asm">
      <Filter>Source Files\6.4_IF_JMP_2</Filter>
    </MASM>
    <MASM Include="6.5.3_2_Example_While_Add   .asm">
      <Filter>Source Files\6.4_IF_JMP_2</Filter>
    </MASM>
    <MASM Include="6.5.4_NEAR_PTR   .asm">
      <Filter>Source Files\6.4_IF_JMP_2</Filter>
    </MASM>
    <MASM Include="6.6.2_Example_ADD_SUB_Calculator   .asm">
      <Filter>Source Files\6.4_IF_JMP_2</Filter>
    </MASM>
    <MASM Include="6.7.1_1_.IF, .ELSE, .ENDIF   .asm">
      <Filter>Source Files\6.7_IF_WHILE_REPEAT</Filter>
    </MASM>
    <MASM Include="6.7.1_2_.IF AND sign, unsigm JMP_IF   .asm">
      <Filter>Source Files\6.7_IF_WHILE_REPEAT</Filter>
    </MASM>
    <MASM Include="6.7.3_IF_&amp;&amp;_OR   .asm">
      <Filter>Source Files\6.7_IF_WHILE_REPEAT</Filter>
    </MASM>
    <MASM Include="6.7.4_WHILE, REPEAT   .asm">
      <Filter>Source Files\6.7_IF_WHILE_REPEAT</Filter>
    </MASM>
    <MASM Include="7.2.2_SHL-SHR, SAL-SAR   .asm">
      <Filter>Source Files\7.2_</Filter>
    </MASM>
    <MASM Include="7.2.5_ROL-ROR, RCL-RCR   .asm">
      <Filter>Source Files\7.2_</Filter>
    </MASM>
  </ItemGroup>
  <ItemGroup>
    <Text Include="Template.txt">
      <Filter>Source Files</Filter>
    </Text>
  </ItemGroup>
</Project>