<?xml version="1.0" encoding="utf-8"?>
<Project ToolsVersion="4.0" xmlns="http://schemas.microsoft.com/developer/msbuild/2003">
  <ItemGroup>
    <Filter Include="Source Files">
      <UniqueIdentifier>{4FC737F1-C7A5-4376-A066-2A32D752A2FF}</UniqueIdentifier>
      <Extensions>cpp;c;cc;cxx;c++;cppm;ixx;def;odl;idl;hpj;bat;asm;asmx</Extensions>
    </Filter>
  </ItemGroup>
  <ItemGroup>
    <MASM Include="00.first.asm">
      <Filter>Source Files</Filter>
    </MASM>
    <MASM Include="00.UseLibrary.asm">
      <Filter>Source Files</Filter>
    </MASM>
    <MASM Include="3.1.0_1.asm">
      <Filter>Source Files</Filter>
    </MASM>
    <MASM Include="3.2.0_1.asm">
      <Filter>Source Files</Filter>
    </MASM>
    <MASM Include="3.2.1_1_Except_Irvine32.inc.asm">
      <Filter>Source Files</Filter>
    </MASM>
    <MASM Include="3.4.10_1_FirstUse_.data.asm">
      <Filter>Source Files</Filter>
    </MASM>
    <MASM Include="3.5_1_=_EQU, TEXTEQU   .asm">
      <Filter>Source Files</Filter>
    </MASM>
    <MASM Include="3.4.10_2.asm">
      <Filter>Source Files</Filter>
    </MASM>
    <MASM Include="4.1.4_1_MOVZX, MOVSX   .asm">
      <Filter>Source Files</Filter>
    </MASM>
    <MASM Include="4.1.6_1_LAHF, SAHF   .asm">
      <Filter>Source Files</Filter>
    </MASM>
    <MASM Include="4.1.7_1_XCHG   .asm">
      <Filter>Source Files</Filter>
    </MASM>
    <MASM Include="4.1.8_1_Accessing Array%27s Component   .asm">
      <Filter>Source Files</Filter>
    </MASM>
    <MASM Include="4.2.1_1_INC, DEC, ADD, SUB, NEG   .asm">
      <Filter>Source Files</Filter>
    </MASM>
    <MASM Include="4.2.6_1_ZeroFlag, CarryFlag   .asm">
      <Filter>Source Files</Filter>
    </MASM>
    <MASM Include="4.2.6_2 AuxillaryFlag, ParityFlag   .asm">
      <Filter>Source Files</Filter>
    </MASM>
    <MASM Include="4.2.6_3_SignFlag, OverFlowFlag   .asm">
      <Filter>Source Files</Filter>
    </MASM>
    <MASM Include="4.3.1_1.asm">
      <Filter>Source Files</Filter>
    </MASM>
  </ItemGroup>
</Project>